
Microsoft Visual Studio Solution File, Format Version 12.00
Project("{FAE04EC0-301F-11D3-BF4B-00C04F79EFBC}") = "ClassIsland.PluginTemplate2", "ClassIsland.PluginTemplate2\ClassIsland.PluginTemplate2.csproj", "{4E72A84B-64E6-4ADD-BE0F-78C7964E299F}"
EndProject
Project("{FAE04EC0-301F-11D3-BF4B-00C04F79EFBC}") = "ClassIsland.PluginTemplate.Packaging", "ClassIsland.PluginTemplate.Packaging\ClassIsland.PluginTemplate.Packaging.csproj", "{66AD546C-8BD8-4BC5-AEBD-5275CD432822}"
EndProject
Global
	GlobalSection(SolutionConfigurationPlatforms) = preSolution
		Debug|Any CPU = Debug|Any CPU
		Release|Any CPU = Release|Any CPU
	EndGlobalSection
	GlobalSection(ProjectConfigurationPlatforms) = postSolution
		{4E72A84B-64E6-4ADD-BE0F-78C7964E299F}.Debug|Any CPU.ActiveCfg = Debug|Any CPU
		{4E72A84B-64E6-4ADD-BE0F-78C7964E299F}.Debug|Any CPU.Build.0 = Debug|Any CPU
		{4E72A84B-64E6-4ADD-BE0F-78C7964E299F}.Release|Any CPU.ActiveCfg = Release|Any CPU
		{4E72A84B-64E6-4ADD-BE0F-78C7964E299F}.Release|Any CPU.Build.0 = Release|Any CPU
		{66AD546C-8BD8-4BC5-AEBD-5275CD432822}.Debug|Any CPU.ActiveCfg = Debug|Any CPU
		{66AD546C-8BD8-4BC5-AEBD-5275CD432822}.Debug|Any CPU.Build.0 = Debug|Any CPU
		{66AD546C-8BD8-4BC5-AEBD-5275CD432822}.Release|Any CPU.ActiveCfg = Release|Any CPU
		{66AD546C-8BD8-4BC5-AEBD-5275CD432822}.Release|Any CPU.Build.0 = Release|Any CPU
	EndGlobalSection
EndGlobal
